
Microsoft Visual Studio Solution File, Format Version 12.00
# Visual Studio 15
VisualStudioVersion = 15.0.28010.2048
MinimumVisualStudioVersion = 10.0.40219.1
Project("{FAE04EC0-301F-11D3-BF4B-00C04F79EFBC}") = "Gym_App", "Gym_App\Gym_App.csproj", "{4A63555C-74E3-40F2-AD1F-4FC2C40912B9}"
EndProject
Global
	GlobalSection(SolutionConfigurationPlatforms) = preSolution
		Debug|Any CPU = Debug|Any CPU
		Release|Any CPU = Release|Any CPU
	EndGlobalSection
	GlobalSection(ProjectConfigurationPlatforms) = postSolution
		{4A63555C-74E3-40F2-AD1F-4FC2C40912B9}.Debug|Any CPU.ActiveCfg = Debug|Any CPU
		{4A63555C-74E3-40F2-AD1F-4FC2C40912B9}.Debug|Any CPU.Build.0 = Debug|Any CPU
		{4A63555C-74E3-40F2-AD1F-4FC2C40912B9}.Release|Any CPU.ActiveCfg = Release|Any CPU
		{4A63555C-74E3-40F2-AD1F-4FC2C40912B9}.Release|Any CPU.Build.0 = Release|Any CPU
	EndGlobalSection
	GlobalSection(SolutionProperties) = preSolution
		HideSolutionNode = FALSE
	EndGlobalSection
	GlobalSection(ExtensibilityGlobals) = postSolution
		SolutionGuid = {B8F23E08-AECD-4E12-B9A2-D5A2B3A57D38}
	EndGlobalSection
EndGlobal
