
Microsoft Visual Studio Solution File, Format Version 12.00
# Visual Studio 15
VisualStudioVersion = 15.0.28010.2041
MinimumVisualStudioVersion = 10.0.40219.1
Project("{FAE04EC0-301F-11D3-BF4B-00C04F79EFBC}") = "WcfServiceLibrary1", "WcfServiceLibrary1\WcfServiceLibrary1.csproj", "{89891124-128E-4A2F-86A6-64CE1528459C}"
EndProject
Global
	GlobalSection(SolutionConfigurationPlatforms) = preSolution
		Debug|Any CPU = Debug|Any CPU
		Release|Any CPU = Release|Any CPU
	EndGlobalSection
	GlobalSection(ProjectConfigurationPlatforms) = postSolution
		{89891124-128E-4A2F-86A6-64CE1528459C}.Debug|Any CPU.ActiveCfg = Debug|Any CPU
		{89891124-128E-4A2F-86A6-64CE1528459C}.Debug|Any CPU.Build.0 = Debug|Any CPU
		{89891124-128E-4A2F-86A6-64CE1528459C}.Release|Any CPU.ActiveCfg = Release|Any CPU
		{89891124-128E-4A2F-86A6-64CE1528459C}.Release|Any CPU.Build.0 = Release|Any CPU
	EndGlobalSection
	GlobalSection(SolutionProperties) = preSolution
		HideSolutionNode = FALSE
	EndGlobalSection
	GlobalSection(ExtensibilityGlobals) = postSolution
		SolutionGuid = {CC5846A8-2C32-4FEF-9B0C-7A1628C9932B}
	EndGlobalSection
EndGlobal
