
Microsoft Visual Studio Solution File, Format Version 12.00
# Visual Studio 15
VisualStudioVersion = 15.0.28010.2050
MinimumVisualStudioVersion = 10.0.40219.1
Project("{FAE04EC0-301F-11D3-BF4B-00C04F79EFBC}") = "BestAppClient.Android", "BestAppClient\BestAppClient.Android\BestAppClient.Android.csproj", "{597CD1CF-1BC9-4209-AA7F-3B996A9A52AB}"
EndProject
Project("{FAE04EC0-301F-11D3-BF4B-00C04F79EFBC}") = "BestAppClient.iOS", "BestAppClient\BestAppClient.iOS\BestAppClient.iOS.csproj", "{198DABDA-565C-41A5-822E-03B93446F9F1}"
EndProject
Project("{FAE04EC0-301F-11D3-BF4B-00C04F79EFBC}") = "BestAppClient", "BestAppClient\BestAppClient\BestAppClient.csproj", "{23130616-BA2C-493C-8AD1-7C0663AB4C78}"
EndProject
Global
	GlobalSection(SolutionConfigurationPlatforms) = preSolution
		Ad-Hoc|Any CPU = Ad-Hoc|Any CPU
		Ad-Hoc|iPhone = Ad-Hoc|iPhone
		Ad-Hoc|iPhoneSimulator = Ad-Hoc|iPhoneSimulator
		AppStore|Any CPU = AppStore|Any CPU
		AppStore|iPhone = AppStore|iPhone
		AppStore|iPhoneSimulator = AppStore|iPhoneSimulator
		Debug|Any CPU = Debug|Any CPU
		Debug|iPhone = Debug|iPhone
		Debug|iPhoneSimulator = Debug|iPhoneSimulator
		Release|Any CPU = Release|Any CPU
		Release|iPhone = Release|iPhone
		Release|iPhoneSimulator = Release|iPhoneSimulator
	EndGlobalSection
	GlobalSection(ProjectConfigurationPlatforms) = postSolution
		{597CD1CF-1BC9-4209-AA7F-3B996A9A52AB}.Ad-Hoc|Any CPU.ActiveCfg = Release|Any CPU
		{597CD1CF-1BC9-4209-AA7F-3B996A9A52AB}.Ad-Hoc|Any CPU.Build.0 = Release|Any CPU
		{597CD1CF-1BC9-4209-AA7F-3B996A9A52AB}.Ad-Hoc|Any CPU.Deploy.0 = Release|Any CPU
		{597CD1CF-1BC9-4209-AA7F-3B996A9A52AB}.Ad-Hoc|iPhone.ActiveCfg = Release|Any CPU
		{597CD1CF-1BC9-4209-AA7F-3B996A9A52AB}.Ad-Hoc|iPhone.Build.0 = Release|Any CPU
		{597CD1CF-1BC9-4209-AA7F-3B996A9A52AB}.Ad-Hoc|iPhone.Deploy.0 = Release|Any CPU
		{597CD1CF-1BC9-4209-AA7F-3B996A9A52AB}.Ad-Hoc|iPhoneSimulator.ActiveCfg = Release|Any CPU
		{597CD1CF-1BC9-4209-AA7F-3B996A9A52AB}.Ad-Hoc|iPhoneSimulator.Build.0 = Release|Any CPU
		{597CD1CF-1BC9-4209-AA7F-3B996A9A52AB}.Ad-Hoc|iPhoneSimulator.Deploy.0 = Release|Any CPU
		{597CD1CF-1BC9-4209-AA7F-3B996A9A52AB}.AppStore|Any CPU.ActiveCfg = Release|Any CPU
		{597CD1CF-1BC9-4209-AA7F-3B996A9A52AB}.AppStore|Any CPU.Build.0 = Release|Any CPU
		{597CD1CF-1BC9-4209-AA7F-3B996A9A52AB}.AppStore|Any CPU.Deploy.0 = Release|Any CPU
		{597CD1CF-1BC9-4209-AA7F-3B996A9A52AB}.AppStore|iPhone.ActiveCfg = Release|Any CPU
		{597CD1CF-1BC9-4209-AA7F-3B996A9A52AB}.AppStore|iPhone.Build.0 = Release|Any CPU
		{597CD1CF-1BC9-4209-AA7F-3B996A9A52AB}.AppStore|iPhone.Deploy.0 = Release|Any CPU
		{597CD1CF-1BC9-4209-AA7F-3B996A9A52AB}.AppStore|iPhoneSimulator.ActiveCfg = Release|Any CPU
		{597CD1CF-1BC9-4209-AA7F-3B996A9A52AB}.AppStore|iPhoneSimulator.Build.0 = Release|Any CPU
		{597CD1CF-1BC9-4209-AA7F-3B996A9A52AB}.AppStore|iPhoneSimulator.Deploy.0 = Release|Any CPU
		{597CD1CF-1BC9-4209-AA7F-3B996A9A52AB}.Debug|Any CPU.ActiveCfg = Debug|Any CPU
		{597CD1CF-1BC9-4209-AA7F-3B996A9A52AB}.Debug|Any CPU.Build.0 = Debug|Any CPU
		{597CD1CF-1BC9-4209-AA7F-3B996A9A52AB}.Debug|Any CPU.Deploy.0 = Debug|Any CPU
		{597CD1CF-1BC9-4209-AA7F-3B996A9A52AB}.Debug|iPhone.ActiveCfg = Debug|Any CPU
		{597CD1CF-1BC9-4209-AA7F-3B996A9A52AB}.Debug|iPhone.Build.0 = Debug|Any CPU
		{597CD1CF-1BC9-4209-AA7F-3B996A9A52AB}.Debug|iPhone.Deploy.0 = Debug|Any CPU
		{597CD1CF-1BC9-4209-AA7F-3B996A9A52AB}.Debug|iPhoneSimulator.ActiveCfg = Debug|Any CPU
		{597CD1CF-1BC9-4209-AA7F-3B996A9A52AB}.Debug|iPhoneSimulator.Build.0 = Debug|Any CPU
		{597CD1CF-1BC9-4209-AA7F-3B996A9A52AB}.Debug|iPhoneSimulator.Deploy.0 = Debug|Any CPU
		{597CD1CF-1BC9-4209-AA7F-3B996A9A52AB}.Release|Any CPU.ActiveCfg = Release|Any CPU
		{597CD1CF-1BC9-4209-AA7F-3B996A9A52AB}.Release|Any CPU.Build.0 = Release|Any CPU
		{597CD1CF-1BC9-4209-AA7F-3B996A9A52AB}.Release|Any CPU.Deploy.0 = Release|Any CPU
		{597CD1CF-1BC9-4209-AA7F-3B996A9A52AB}.Release|iPhone.ActiveCfg = Release|Any CPU
		{597CD1CF-1BC9-4209-AA7F-3B996A9A52AB}.Release|iPhone.Build.0 = Release|Any CPU
		{597CD1CF-1BC9-4209-AA7F-3B996A9A52AB}.Release|iPhone.Deploy.0 = Release|Any CPU
		{597CD1CF-1BC9-4209-AA7F-3B996A9A52AB}.Release|iPhoneSimulator.ActiveCfg = Release|Any CPU
		{597CD1CF-1BC9-4209-AA7F-3B996A9A52AB}.Release|iPhoneSimulator.Build.0 = Release|Any CPU
		{597CD1CF-1BC9-4209-AA7F-3B996A9A52AB}.Release|iPhoneSimulator.Deploy.0 = Release|Any CPU
		{198DABDA-565C-41A5-822E-03B93446F9F1}.Ad-Hoc|Any CPU.ActiveCfg = Ad-Hoc|iPhone
		{198DABDA-565C-41A5-822E-03B93446F9F1}.Ad-Hoc|Any CPU.Build.0 = Ad-Hoc|iPhone
		{198DABDA-565C-41A5-822E-03B93446F9F1}.Ad-Hoc|Any CPU.Deploy.0 = Ad-Hoc|iPhone
		{198DABDA-565C-41A5-822E-03B93446F9F1}.Ad-Hoc|iPhone.ActiveCfg = Ad-Hoc|iPhone
		{198DABDA-565C-41A5-822E-03B93446F9F1}.Ad-Hoc|iPhone.Build.0 = Ad-Hoc|iPhone
		{198DABDA-565C-41A5-822E-03B93446F9F1}.Ad-Hoc|iPhone.Deploy.0 = Ad-Hoc|iPhone
		{198DABDA-565C-41A5-822E-03B93446F9F1}.Ad-Hoc|iPhoneSimulator.ActiveCfg = Ad-Hoc|iPhoneSimulator
		{198DABDA-565C-41A5-822E-03B93446F9F1}.Ad-Hoc|iPhoneSimulator.Build.0 = Ad-Hoc|iPhoneSimulator
		{198DABDA-565C-41A5-822E-03B93446F9F1}.Ad-Hoc|iPhoneSimulator.Deploy.0 = Ad-Hoc|iPhoneSimulator
		{198DABDA-565C-41A5-822E-03B93446F9F1}.AppStore|Any CPU.ActiveCfg = AppStore|iPhone
		{198DABDA-565C-41A5-822E-03B93446F9F1}.AppStore|Any CPU.Build.0 = AppStore|iPhone
		{198DABDA-565C-41A5-822E-03B93446F9F1}.AppStore|Any CPU.Deploy.0 = AppStore|iPhone
		{198DABDA-565C-41A5-822E-03B93446F9F1}.AppStore|iPhone.ActiveCfg = AppStore|iPhone
		{198DABDA-565C-41A5-822E-03B93446F9F1}.AppStore|iPhone.Build.0 = AppStore|iPhone
		{198DABDA-565C-41A5-822E-03B93446F9F1}.AppStore|iPhone.Deploy.0 = AppStore|iPhone
		{198DABDA-565C-41A5-822E-03B93446F9F1}.AppStore|iPhoneSimulator.ActiveCfg = AppStore|iPhoneSimulator
		{198DABDA-565C-41A5-822E-03B93446F9F1}.AppStore|iPhoneSimulator.Build.0 = AppStore|iPhoneSimulator
		{198DABDA-565C-41A5-822E-03B93446F9F1}.AppStore|iPhoneSimulator.Deploy.0 = AppStore|iPhoneSimulator
		{198DABDA-565C-41A5-822E-03B93446F9F1}.Debug|Any CPU.ActiveCfg = Debug|iPhoneSimulator
		{198DABDA-565C-41A5-822E-03B93446F9F1}.Debug|Any CPU.Build.0 = Debug|iPhoneSimulator
		{198DABDA-565C-41A5-822E-03B93446F9F1}.Debug|Any CPU.Deploy.0 = Debug|iPhoneSimulator
		{198DABDA-565C-41A5-822E-03B93446F9F1}.Debug|iPhone.ActiveCfg = Debug|iPhone
		{198DABDA-565C-41A5-822E-03B93446F9F1}.Debug|iPhone.Build.0 = Debug|iPhone
		{198DABDA-565C-41A5-822E-03B93446F9F1}.Debug|iPhone.Deploy.0 = Debug|iPhone
		{198DABDA-565C-41A5-822E-03B93446F9F1}.Debug|iPhoneSimulator.ActiveCfg = Debug|iPhoneSimulator
		{198DABDA-565C-41A5-822E-03B93446F9F1}.Debug|iPhoneSimulator.Build.0 = Debug|iPhoneSimulator
		{198DABDA-565C-41A5-822E-03B93446F9F1}.Debug|iPhoneSimulator.Deploy.0 = Debug|iPhoneSimulator
		{198DABDA-565C-41A5-822E-03B93446F9F1}.Release|Any CPU.ActiveCfg = Release|iPhone
		{198DABDA-565C-41A5-822E-03B93446F9F1}.Release|Any CPU.Build.0 = Release|iPhone
		{198DABDA-565C-41A5-822E-03B93446F9F1}.Release|Any CPU.Deploy.0 = Release|iPhone
		{198DABDA-565C-41A5-822E-03B93446F9F1}.Release|iPhone.ActiveCfg = Release|iPhone
		{198DABDA-565C-41A5-822E-03B93446F9F1}.Release|iPhone.Build.0 = Release|iPhone
		{198DABDA-565C-41A5-822E-03B93446F9F1}.Release|iPhone.Deploy.0 = Release|iPhone
		{198DABDA-565C-41A5-822E-03B93446F9F1}.Release|iPhoneSimulator.ActiveCfg = Release|iPhoneSimulator
		{198DABDA-565C-41A5-822E-03B93446F9F1}.Release|iPhoneSimulator.Build.0 = Release|iPhoneSimulator
		{198DABDA-565C-41A5-822E-03B93446F9F1}.Release|iPhoneSimulator.Deploy.0 = Release|iPhoneSimulator
		{23130616-BA2C-493C-8AD1-7C0663AB4C78}.Ad-Hoc|Any CPU.ActiveCfg = Debug|Any CPU
		{23130616-BA2C-493C-8AD1-7C0663AB4C78}.Ad-Hoc|Any CPU.Build.0 = Debug|Any CPU
		{23130616-BA2C-493C-8AD1-7C0663AB4C78}.Ad-Hoc|Any CPU.Deploy.0 = Debug|Any CPU
		{23130616-BA2C-493C-8AD1-7C0663AB4C78}.Ad-Hoc|iPhone.ActiveCfg = Debug|Any CPU
		{23130616-BA2C-493C-8AD1-7C0663AB4C78}.Ad-Hoc|iPhone.Build.0 = Debug|Any CPU
		{23130616-BA2C-493C-8AD1-7C0663AB4C78}.Ad-Hoc|iPhone.Deploy.0 = Debug|Any CPU
		{23130616-BA2C-493C-8AD1-7C0663AB4C78}.Ad-Hoc|iPhoneSimulator.ActiveCfg = Debug|Any CPU
		{23130616-BA2C-493C-8AD1-7C0663AB4C78}.Ad-Hoc|iPhoneSimulator.Build.0 = Debug|Any CPU
		{23130616-BA2C-493C-8AD1-7C0663AB4C78}.Ad-Hoc|iPhoneSimulator.Deploy.0 = Debug|Any CPU
		{23130616-BA2C-493C-8AD1-7C0663AB4C78}.AppStore|Any CPU.ActiveCfg = Debug|Any CPU
		{23130616-BA2C-493C-8AD1-7C0663AB4C78}.AppStore|Any CPU.Build.0 = Debug|Any CPU
		{23130616-BA2C-493C-8AD1-7C0663AB4C78}.AppStore|Any CPU.Deploy.0 = Debug|Any CPU
		{23130616-BA2C-493C-8AD1-7C0663AB4C78}.AppStore|iPhone.ActiveCfg = Debug|Any CPU
		{23130616-BA2C-493C-8AD1-7C0663AB4C78}.AppStore|iPhone.Build.0 = Debug|Any CPU
		{23130616-BA2C-493C-8AD1-7C0663AB4C78}.AppStore|iPhone.Deploy.0 = Debug|Any CPU
		{23130616-BA2C-493C-8AD1-7C0663AB4C78}.AppStore|iPhoneSimulator.ActiveCfg = Debug|Any CPU
		{23130616-BA2C-493C-8AD1-7C0663AB4C78}.AppStore|iPhoneSimulator.Build.0 = Debug|Any CPU
		{23130616-BA2C-493C-8AD1-7C0663AB4C78}.AppStore|iPhoneSimulator.Deploy.0 = Debug|Any CPU
		{23130616-BA2C-493C-8AD1-7C0663AB4C78}.Debug|Any CPU.ActiveCfg = Debug|Any CPU
		{23130616-BA2C-493C-8AD1-7C0663AB4C78}.Debug|Any CPU.Build.0 = Debug|Any CPU
		{23130616-BA2C-493C-8AD1-7C0663AB4C78}.Debug|Any CPU.Deploy.0 = Debug|Any CPU
		{23130616-BA2C-493C-8AD1-7C0663AB4C78}.Debug|iPhone.ActiveCfg = Debug|Any CPU
		{23130616-BA2C-493C-8AD1-7C0663AB4C78}.Debug|iPhone.Build.0 = Debug|Any CPU
		{23130616-BA2C-493C-8AD1-7C0663AB4C78}.Debug|iPhone.Deploy.0 = Debug|Any CPU
		{23130616-BA2C-493C-8AD1-7C0663AB4C78}.Debug|iPhoneSimulator.ActiveCfg = Debug|Any CPU
		{23130616-BA2C-493C-8AD1-7C0663AB4C78}.Debug|iPhoneSimulator.Build.0 = Debug|Any CPU
		{23130616-BA2C-493C-8AD1-7C0663AB4C78}.Debug|iPhoneSimulator.Deploy.0 = Debug|Any CPU
		{23130616-BA2C-493C-8AD1-7C0663AB4C78}.Release|Any CPU.ActiveCfg = Release|Any CPU
		{23130616-BA2C-493C-8AD1-7C0663AB4C78}.Release|Any CPU.Build.0 = Release|Any CPU
		{23130616-BA2C-493C-8AD1-7C0663AB4C78}.Release|Any CPU.Deploy.0 = Release|Any CPU
		{23130616-BA2C-493C-8AD1-7C0663AB4C78}.Release|iPhone.ActiveCfg = Release|Any CPU
		{23130616-BA2C-493C-8AD1-7C0663AB4C78}.Release|iPhone.Build.0 = Release|Any CPU
		{23130616-BA2C-493C-8AD1-7C0663AB4C78}.Release|iPhone.Deploy.0 = Release|Any CPU
		{23130616-BA2C-493C-8AD1-7C0663AB4C78}.Release|iPhoneSimulator.ActiveCfg = Release|Any CPU
		{23130616-BA2C-493C-8AD1-7C0663AB4C78}.Release|iPhoneSimulator.Build.0 = Release|Any CPU
		{23130616-BA2C-493C-8AD1-7C0663AB4C78}.Release|iPhoneSimulator.Deploy.0 = Release|Any CPU
	EndGlobalSection
	GlobalSection(SolutionProperties) = preSolution
		HideSolutionNode = FALSE
	EndGlobalSection
	GlobalSection(ExtensibilityGlobals) = postSolution
		SolutionGuid = {42C76ECF-30F8-4035-8890-67EFA15184A6}
	EndGlobalSection
EndGlobal
