
Microsoft Visual Studio Solution File, Format Version 12.00
# Visual Studio 15
VisualStudioVersion = 15.0.28010.2041
MinimumVisualStudioVersion = 10.0.40219.1
Project("{FAE04EC0-301F-11D3-BF4B-00C04F79EFBC}") = "GymAppService", "GymApp\GymAppService.csproj", "{BC904640-FF70-443C-B0CC-4EF300BE2988}"
EndProject
Project("{9A19103F-16F7-4668-BE54-9A1E7A4F7556}") = "Model_Layer", "Model Layer\Model_Layer.csproj", "{DF2A3957-86A8-4A61-8EA4-753D7A805DF6}"
EndProject
Project("{FAE04EC0-301F-11D3-BF4B-00C04F79EFBC}") = "Tests", "WCF tests\Tests.csproj", "{6D47AA37-9EEA-4F02-97E2-7D2FF42DAF5C}"
	ProjectSection(ProjectDependencies) = postProject
		{BC904640-FF70-443C-B0CC-4EF300BE2988} = {BC904640-FF70-443C-B0CC-4EF300BE2988}
	EndProjectSection
EndProject
Project("{FAE04EC0-301F-11D3-BF4B-00C04F79EFBC}") = "Data_Access_Layer", "Data Access Layer\Data_Access_Layer.csproj", "{77AAD16A-7B01-483E-B677-ACB7B0E3B7E9}"
EndProject
Project("{FAE04EC0-301F-11D3-BF4B-00C04F79EFBC}") = "Host", "Host\Host.csproj", "{9B99408C-1733-454D-8105-CC65B172D799}"
EndProject
Project("{9A19103F-16F7-4668-BE54-9A1E7A4F7556}") = "Controllers", "Controllers\Controllers.csproj", "{CA65B32B-1EEA-40C6-97A0-9BF2FA2542D8}"
EndProject
Global
	GlobalSection(SolutionConfigurationPlatforms) = preSolution
		Ad-Hoc|Any CPU = Ad-Hoc|Any CPU
		Ad-Hoc|iPhone = Ad-Hoc|iPhone
		Ad-Hoc|iPhoneSimulator = Ad-Hoc|iPhoneSimulator
		AppStore|Any CPU = AppStore|Any CPU
		AppStore|iPhone = AppStore|iPhone
		AppStore|iPhoneSimulator = AppStore|iPhoneSimulator
		Debug|Any CPU = Debug|Any CPU
		Debug|iPhone = Debug|iPhone
		Debug|iPhoneSimulator = Debug|iPhoneSimulator
		Release|Any CPU = Release|Any CPU
		Release|iPhone = Release|iPhone
		Release|iPhoneSimulator = Release|iPhoneSimulator
	EndGlobalSection
	GlobalSection(ProjectConfigurationPlatforms) = postSolution
		{BC904640-FF70-443C-B0CC-4EF300BE2988}.Ad-Hoc|Any CPU.ActiveCfg = Release|Any CPU
		{BC904640-FF70-443C-B0CC-4EF300BE2988}.Ad-Hoc|Any CPU.Build.0 = Release|Any CPU
		{BC904640-FF70-443C-B0CC-4EF300BE2988}.Ad-Hoc|iPhone.ActiveCfg = Release|Any CPU
		{BC904640-FF70-443C-B0CC-4EF300BE2988}.Ad-Hoc|iPhone.Build.0 = Release|Any CPU
		{BC904640-FF70-443C-B0CC-4EF300BE2988}.Ad-Hoc|iPhoneSimulator.ActiveCfg = Release|Any CPU
		{BC904640-FF70-443C-B0CC-4EF300BE2988}.Ad-Hoc|iPhoneSimulator.Build.0 = Release|Any CPU
		{BC904640-FF70-443C-B0CC-4EF300BE2988}.AppStore|Any CPU.ActiveCfg = Release|Any CPU
		{BC904640-FF70-443C-B0CC-4EF300BE2988}.AppStore|Any CPU.Build.0 = Release|Any CPU
		{BC904640-FF70-443C-B0CC-4EF300BE2988}.AppStore|iPhone.ActiveCfg = Release|Any CPU
		{BC904640-FF70-443C-B0CC-4EF300BE2988}.AppStore|iPhone.Build.0 = Release|Any CPU
		{BC904640-FF70-443C-B0CC-4EF300BE2988}.AppStore|iPhoneSimulator.ActiveCfg = Release|Any CPU
		{BC904640-FF70-443C-B0CC-4EF300BE2988}.AppStore|iPhoneSimulator.Build.0 = Release|Any CPU
		{BC904640-FF70-443C-B0CC-4EF300BE2988}.Debug|Any CPU.ActiveCfg = Debug|Any CPU
		{BC904640-FF70-443C-B0CC-4EF300BE2988}.Debug|Any CPU.Build.0 = Debug|Any CPU
		{BC904640-FF70-443C-B0CC-4EF300BE2988}.Debug|iPhone.ActiveCfg = Debug|Any CPU
		{BC904640-FF70-443C-B0CC-4EF300BE2988}.Debug|iPhone.Build.0 = Debug|Any CPU
		{BC904640-FF70-443C-B0CC-4EF300BE2988}.Debug|iPhoneSimulator.ActiveCfg = Debug|Any CPU
		{BC904640-FF70-443C-B0CC-4EF300BE2988}.Debug|iPhoneSimulator.Build.0 = Debug|Any CPU
		{BC904640-FF70-443C-B0CC-4EF300BE2988}.Release|Any CPU.ActiveCfg = Release|Any CPU
		{BC904640-FF70-443C-B0CC-4EF300BE2988}.Release|Any CPU.Build.0 = Release|Any CPU
		{BC904640-FF70-443C-B0CC-4EF300BE2988}.Release|iPhone.ActiveCfg = Release|Any CPU
		{BC904640-FF70-443C-B0CC-4EF300BE2988}.Release|iPhone.Build.0 = Release|Any CPU
		{BC904640-FF70-443C-B0CC-4EF300BE2988}.Release|iPhoneSimulator.ActiveCfg = Release|Any CPU
		{BC904640-FF70-443C-B0CC-4EF300BE2988}.Release|iPhoneSimulator.Build.0 = Release|Any CPU
		{DF2A3957-86A8-4A61-8EA4-753D7A805DF6}.Ad-Hoc|Any CPU.ActiveCfg = Debug|Any CPU
		{DF2A3957-86A8-4A61-8EA4-753D7A805DF6}.Ad-Hoc|Any CPU.Build.0 = Debug|Any CPU
		{DF2A3957-86A8-4A61-8EA4-753D7A805DF6}.Ad-Hoc|iPhone.ActiveCfg = Debug|Any CPU
		{DF2A3957-86A8-4A61-8EA4-753D7A805DF6}.Ad-Hoc|iPhone.Build.0 = Debug|Any CPU
		{DF2A3957-86A8-4A61-8EA4-753D7A805DF6}.Ad-Hoc|iPhoneSimulator.ActiveCfg = Debug|Any CPU
		{DF2A3957-86A8-4A61-8EA4-753D7A805DF6}.Ad-Hoc|iPhoneSimulator.Build.0 = Debug|Any CPU
		{DF2A3957-86A8-4A61-8EA4-753D7A805DF6}.AppStore|Any CPU.ActiveCfg = Debug|Any CPU
		{DF2A3957-86A8-4A61-8EA4-753D7A805DF6}.AppStore|Any CPU.Build.0 = Debug|Any CPU
		{DF2A3957-86A8-4A61-8EA4-753D7A805DF6}.AppStore|iPhone.ActiveCfg = Debug|Any CPU
		{DF2A3957-86A8-4A61-8EA4-753D7A805DF6}.AppStore|iPhone.Build.0 = Debug|Any CPU
		{DF2A3957-86A8-4A61-8EA4-753D7A805DF6}.AppStore|iPhoneSimulator.ActiveCfg = Debug|Any CPU
		{DF2A3957-86A8-4A61-8EA4-753D7A805DF6}.AppStore|iPhoneSimulator.Build.0 = Debug|Any CPU
		{DF2A3957-86A8-4A61-8EA4-753D7A805DF6}.Debug|Any CPU.ActiveCfg = Debug|Any CPU
		{DF2A3957-86A8-4A61-8EA4-753D7A805DF6}.Debug|Any CPU.Build.0 = Debug|Any CPU
		{DF2A3957-86A8-4A61-8EA4-753D7A805DF6}.Debug|iPhone.ActiveCfg = Debug|Any CPU
		{DF2A3957-86A8-4A61-8EA4-753D7A805DF6}.Debug|iPhone.Build.0 = Debug|Any CPU
		{DF2A3957-86A8-4A61-8EA4-753D7A805DF6}.Debug|iPhoneSimulator.ActiveCfg = Debug|Any CPU
		{DF2A3957-86A8-4A61-8EA4-753D7A805DF6}.Debug|iPhoneSimulator.Build.0 = Debug|Any CPU
		{DF2A3957-86A8-4A61-8EA4-753D7A805DF6}.Release|Any CPU.ActiveCfg = Release|Any CPU
		{DF2A3957-86A8-4A61-8EA4-753D7A805DF6}.Release|Any CPU.Build.0 = Release|Any CPU
		{DF2A3957-86A8-4A61-8EA4-753D7A805DF6}.Release|iPhone.ActiveCfg = Release|Any CPU
		{DF2A3957-86A8-4A61-8EA4-753D7A805DF6}.Release|iPhone.Build.0 = Release|Any CPU
		{DF2A3957-86A8-4A61-8EA4-753D7A805DF6}.Release|iPhoneSimulator.ActiveCfg = Release|Any CPU
		{DF2A3957-86A8-4A61-8EA4-753D7A805DF6}.Release|iPhoneSimulator.Build.0 = Release|Any CPU
		{6D47AA37-9EEA-4F02-97E2-7D2FF42DAF5C}.Ad-Hoc|Any CPU.ActiveCfg = Release|Any CPU
		{6D47AA37-9EEA-4F02-97E2-7D2FF42DAF5C}.Ad-Hoc|Any CPU.Build.0 = Release|Any CPU
		{6D47AA37-9EEA-4F02-97E2-7D2FF42DAF5C}.Ad-Hoc|iPhone.ActiveCfg = Release|Any CPU
		{6D47AA37-9EEA-4F02-97E2-7D2FF42DAF5C}.Ad-Hoc|iPhone.Build.0 = Release|Any CPU
		{6D47AA37-9EEA-4F02-97E2-7D2FF42DAF5C}.Ad-Hoc|iPhoneSimulator.ActiveCfg = Release|Any CPU
		{6D47AA37-9EEA-4F02-97E2-7D2FF42DAF5C}.Ad-Hoc|iPhoneSimulator.Build.0 = Release|Any CPU
		{6D47AA37-9EEA-4F02-97E2-7D2FF42DAF5C}.AppStore|Any CPU.ActiveCfg = Release|Any CPU
		{6D47AA37-9EEA-4F02-97E2-7D2FF42DAF5C}.AppStore|Any CPU.Build.0 = Release|Any CPU
		{6D47AA37-9EEA-4F02-97E2-7D2FF42DAF5C}.AppStore|iPhone.ActiveCfg = Release|Any CPU
		{6D47AA37-9EEA-4F02-97E2-7D2FF42DAF5C}.AppStore|iPhone.Build.0 = Release|Any CPU
		{6D47AA37-9EEA-4F02-97E2-7D2FF42DAF5C}.AppStore|iPhoneSimulator.ActiveCfg = Release|Any CPU
		{6D47AA37-9EEA-4F02-97E2-7D2FF42DAF5C}.AppStore|iPhoneSimulator.Build.0 = Release|Any CPU
		{6D47AA37-9EEA-4F02-97E2-7D2FF42DAF5C}.Debug|Any CPU.ActiveCfg = Debug|Any CPU
		{6D47AA37-9EEA-4F02-97E2-7D2FF42DAF5C}.Debug|Any CPU.Build.0 = Debug|Any CPU
		{6D47AA37-9EEA-4F02-97E2-7D2FF42DAF5C}.Debug|iPhone.ActiveCfg = Debug|Any CPU
		{6D47AA37-9EEA-4F02-97E2-7D2FF42DAF5C}.Debug|iPhone.Build.0 = Debug|Any CPU
		{6D47AA37-9EEA-4F02-97E2-7D2FF42DAF5C}.Debug|iPhoneSimulator.ActiveCfg = Debug|Any CPU
		{6D47AA37-9EEA-4F02-97E2-7D2FF42DAF5C}.Debug|iPhoneSimulator.Build.0 = Debug|Any CPU
		{6D47AA37-9EEA-4F02-97E2-7D2FF42DAF5C}.Release|Any CPU.ActiveCfg = Release|Any CPU
		{6D47AA37-9EEA-4F02-97E2-7D2FF42DAF5C}.Release|Any CPU.Build.0 = Release|Any CPU
		{6D47AA37-9EEA-4F02-97E2-7D2FF42DAF5C}.Release|iPhone.ActiveCfg = Release|Any CPU
		{6D47AA37-9EEA-4F02-97E2-7D2FF42DAF5C}.Release|iPhone.Build.0 = Release|Any CPU
		{6D47AA37-9EEA-4F02-97E2-7D2FF42DAF5C}.Release|iPhoneSimulator.ActiveCfg = Release|Any CPU
		{6D47AA37-9EEA-4F02-97E2-7D2FF42DAF5C}.Release|iPhoneSimulator.Build.0 = Release|Any CPU
		{77AAD16A-7B01-483E-B677-ACB7B0E3B7E9}.Ad-Hoc|Any CPU.ActiveCfg = Release|Any CPU
		{77AAD16A-7B01-483E-B677-ACB7B0E3B7E9}.Ad-Hoc|Any CPU.Build.0 = Release|Any CPU
		{77AAD16A-7B01-483E-B677-ACB7B0E3B7E9}.Ad-Hoc|iPhone.ActiveCfg = Release|Any CPU
		{77AAD16A-7B01-483E-B677-ACB7B0E3B7E9}.Ad-Hoc|iPhone.Build.0 = Release|Any CPU
		{77AAD16A-7B01-483E-B677-ACB7B0E3B7E9}.Ad-Hoc|iPhoneSimulator.ActiveCfg = Release|Any CPU
		{77AAD16A-7B01-483E-B677-ACB7B0E3B7E9}.Ad-Hoc|iPhoneSimulator.Build.0 = Release|Any CPU
		{77AAD16A-7B01-483E-B677-ACB7B0E3B7E9}.AppStore|Any CPU.ActiveCfg = Release|Any CPU
		{77AAD16A-7B01-483E-B677-ACB7B0E3B7E9}.AppStore|Any CPU.Build.0 = Release|Any CPU
		{77AAD16A-7B01-483E-B677-ACB7B0E3B7E9}.AppStore|iPhone.ActiveCfg = Release|Any CPU
		{77AAD16A-7B01-483E-B677-ACB7B0E3B7E9}.AppStore|iPhone.Build.0 = Release|Any CPU
		{77AAD16A-7B01-483E-B677-ACB7B0E3B7E9}.AppStore|iPhoneSimulator.ActiveCfg = Release|Any CPU
		{77AAD16A-7B01-483E-B677-ACB7B0E3B7E9}.AppStore|iPhoneSimulator.Build.0 = Release|Any CPU
		{77AAD16A-7B01-483E-B677-ACB7B0E3B7E9}.Debug|Any CPU.ActiveCfg = Debug|Any CPU
		{77AAD16A-7B01-483E-B677-ACB7B0E3B7E9}.Debug|Any CPU.Build.0 = Debug|Any CPU
		{77AAD16A-7B01-483E-B677-ACB7B0E3B7E9}.Debug|iPhone.ActiveCfg = Debug|Any CPU
		{77AAD16A-7B01-483E-B677-ACB7B0E3B7E9}.Debug|iPhone.Build.0 = Debug|Any CPU
		{77AAD16A-7B01-483E-B677-ACB7B0E3B7E9}.Debug|iPhoneSimulator.ActiveCfg = Debug|Any CPU
		{77AAD16A-7B01-483E-B677-ACB7B0E3B7E9}.Debug|iPhoneSimulator.Build.0 = Debug|Any CPU
		{77AAD16A-7B01-483E-B677-ACB7B0E3B7E9}.Release|Any CPU.ActiveCfg = Release|Any CPU
		{77AAD16A-7B01-483E-B677-ACB7B0E3B7E9}.Release|Any CPU.Build.0 = Release|Any CPU
		{77AAD16A-7B01-483E-B677-ACB7B0E3B7E9}.Release|iPhone.ActiveCfg = Release|Any CPU
		{77AAD16A-7B01-483E-B677-ACB7B0E3B7E9}.Release|iPhone.Build.0 = Release|Any CPU
		{77AAD16A-7B01-483E-B677-ACB7B0E3B7E9}.Release|iPhoneSimulator.ActiveCfg = Release|Any CPU
		{77AAD16A-7B01-483E-B677-ACB7B0E3B7E9}.Release|iPhoneSimulator.Build.0 = Release|Any CPU
		{9B99408C-1733-454D-8105-CC65B172D799}.Ad-Hoc|Any CPU.ActiveCfg = Release|Any CPU
		{9B99408C-1733-454D-8105-CC65B172D799}.Ad-Hoc|Any CPU.Build.0 = Release|Any CPU
		{9B99408C-1733-454D-8105-CC65B172D799}.Ad-Hoc|iPhone.ActiveCfg = Release|Any CPU
		{9B99408C-1733-454D-8105-CC65B172D799}.Ad-Hoc|iPhone.Build.0 = Release|Any CPU
		{9B99408C-1733-454D-8105-CC65B172D799}.Ad-Hoc|iPhoneSimulator.ActiveCfg = Release|Any CPU
		{9B99408C-1733-454D-8105-CC65B172D799}.Ad-Hoc|iPhoneSimulator.Build.0 = Release|Any CPU
		{9B99408C-1733-454D-8105-CC65B172D799}.AppStore|Any CPU.ActiveCfg = Release|Any CPU
		{9B99408C-1733-454D-8105-CC65B172D799}.AppStore|Any CPU.Build.0 = Release|Any CPU
		{9B99408C-1733-454D-8105-CC65B172D799}.AppStore|iPhone.ActiveCfg = Release|Any CPU
		{9B99408C-1733-454D-8105-CC65B172D799}.AppStore|iPhone.Build.0 = Release|Any CPU
		{9B99408C-1733-454D-8105-CC65B172D799}.AppStore|iPhoneSimulator.ActiveCfg = Release|Any CPU
		{9B99408C-1733-454D-8105-CC65B172D799}.AppStore|iPhoneSimulator.Build.0 = Release|Any CPU
		{9B99408C-1733-454D-8105-CC65B172D799}.Debug|Any CPU.ActiveCfg = Debug|Any CPU
		{9B99408C-1733-454D-8105-CC65B172D799}.Debug|Any CPU.Build.0 = Debug|Any CPU
		{9B99408C-1733-454D-8105-CC65B172D799}.Debug|iPhone.ActiveCfg = Debug|Any CPU
		{9B99408C-1733-454D-8105-CC65B172D799}.Debug|iPhone.Build.0 = Debug|Any CPU
		{9B99408C-1733-454D-8105-CC65B172D799}.Debug|iPhoneSimulator.ActiveCfg = Debug|Any CPU
		{9B99408C-1733-454D-8105-CC65B172D799}.Debug|iPhoneSimulator.Build.0 = Debug|Any CPU
		{9B99408C-1733-454D-8105-CC65B172D799}.Release|Any CPU.ActiveCfg = Release|Any CPU
		{9B99408C-1733-454D-8105-CC65B172D799}.Release|Any CPU.Build.0 = Release|Any CPU
		{9B99408C-1733-454D-8105-CC65B172D799}.Release|iPhone.ActiveCfg = Release|Any CPU
		{9B99408C-1733-454D-8105-CC65B172D799}.Release|iPhone.Build.0 = Release|Any CPU
		{9B99408C-1733-454D-8105-CC65B172D799}.Release|iPhoneSimulator.ActiveCfg = Release|Any CPU
		{9B99408C-1733-454D-8105-CC65B172D799}.Release|iPhoneSimulator.Build.0 = Release|Any CPU
		{CA65B32B-1EEA-40C6-97A0-9BF2FA2542D8}.Ad-Hoc|Any CPU.ActiveCfg = Debug|Any CPU
		{CA65B32B-1EEA-40C6-97A0-9BF2FA2542D8}.Ad-Hoc|Any CPU.Build.0 = Debug|Any CPU
		{CA65B32B-1EEA-40C6-97A0-9BF2FA2542D8}.Ad-Hoc|iPhone.ActiveCfg = Debug|Any CPU
		{CA65B32B-1EEA-40C6-97A0-9BF2FA2542D8}.Ad-Hoc|iPhone.Build.0 = Debug|Any CPU
		{CA65B32B-1EEA-40C6-97A0-9BF2FA2542D8}.Ad-Hoc|iPhoneSimulator.ActiveCfg = Debug|Any CPU
		{CA65B32B-1EEA-40C6-97A0-9BF2FA2542D8}.Ad-Hoc|iPhoneSimulator.Build.0 = Debug|Any CPU
		{CA65B32B-1EEA-40C6-97A0-9BF2FA2542D8}.AppStore|Any CPU.ActiveCfg = Debug|Any CPU
		{CA65B32B-1EEA-40C6-97A0-9BF2FA2542D8}.AppStore|Any CPU.Build.0 = Debug|Any CPU
		{CA65B32B-1EEA-40C6-97A0-9BF2FA2542D8}.AppStore|iPhone.ActiveCfg = Debug|Any CPU
		{CA65B32B-1EEA-40C6-97A0-9BF2FA2542D8}.AppStore|iPhone.Build.0 = Debug|Any CPU
		{CA65B32B-1EEA-40C6-97A0-9BF2FA2542D8}.AppStore|iPhoneSimulator.ActiveCfg = Debug|Any CPU
		{CA65B32B-1EEA-40C6-97A0-9BF2FA2542D8}.AppStore|iPhoneSimulator.Build.0 = Debug|Any CPU
		{CA65B32B-1EEA-40C6-97A0-9BF2FA2542D8}.Debug|Any CPU.ActiveCfg = Debug|Any CPU
		{CA65B32B-1EEA-40C6-97A0-9BF2FA2542D8}.Debug|Any CPU.Build.0 = Debug|Any CPU
		{CA65B32B-1EEA-40C6-97A0-9BF2FA2542D8}.Debug|iPhone.ActiveCfg = Debug|Any CPU
		{CA65B32B-1EEA-40C6-97A0-9BF2FA2542D8}.Debug|iPhone.Build.0 = Debug|Any CPU
		{CA65B32B-1EEA-40C6-97A0-9BF2FA2542D8}.Debug|iPhoneSimulator.ActiveCfg = Debug|Any CPU
		{CA65B32B-1EEA-40C6-97A0-9BF2FA2542D8}.Debug|iPhoneSimulator.Build.0 = Debug|Any CPU
		{CA65B32B-1EEA-40C6-97A0-9BF2FA2542D8}.Release|Any CPU.ActiveCfg = Release|Any CPU
		{CA65B32B-1EEA-40C6-97A0-9BF2FA2542D8}.Release|Any CPU.Build.0 = Release|Any CPU
		{CA65B32B-1EEA-40C6-97A0-9BF2FA2542D8}.Release|iPhone.ActiveCfg = Release|Any CPU
		{CA65B32B-1EEA-40C6-97A0-9BF2FA2542D8}.Release|iPhone.Build.0 = Release|Any CPU
		{CA65B32B-1EEA-40C6-97A0-9BF2FA2542D8}.Release|iPhoneSimulator.ActiveCfg = Release|Any CPU
		{CA65B32B-1EEA-40C6-97A0-9BF2FA2542D8}.Release|iPhoneSimulator.Build.0 = Release|Any CPU
	EndGlobalSection
	GlobalSection(SolutionProperties) = preSolution
		HideSolutionNode = FALSE
	EndGlobalSection
	GlobalSection(ExtensibilityGlobals) = postSolution
		SolutionGuid = {6F185507-EA52-4F37-ADBD-7E721195BD55}
	EndGlobalSection
EndGlobal
