
Microsoft Visual Studio Solution File, Format Version 12.00
# Visual Studio 15
VisualStudioVersion = 15.0.28010.2041
MinimumVisualStudioVersion = 10.0.40219.1
Project("{FAE04EC0-301F-11D3-BF4B-00C04F79EFBC}") = "GymAppService", "GymApp\GymAppService.csproj", "{BC904640-FF70-443C-B0CC-4EF300BE2988}"
EndProject
Project("{FAE04EC0-301F-11D3-BF4B-00C04F79EFBC}") = "App2.Android", "App2\App2.Android\App2.Android.csproj", "{59E3A580-3DB4-48BB-8722-5A792258166C}"
EndProject
Project("{FAE04EC0-301F-11D3-BF4B-00C04F79EFBC}") = "App2.iOS", "App2\App2.iOS\App2.iOS.csproj", "{8141A967-C4CB-4EF3-90E8-37CB782F636A}"
EndProject
Project("{9A19103F-16F7-4668-BE54-9A1E7A4F7556}") = "App2", "App2\App2\App2.csproj", "{424B34E9-ACB6-4A31-8A0C-F64C8D01F9FC}"
EndProject
Project("{FAE04EC0-301F-11D3-BF4B-00C04F79EFBC}") = "DAOs", "DAOs\DAOs.csproj", "{CCD6D174-A738-430B-A82D-4AA1E6BA8AA9}"
EndProject
Project("{FAE04EC0-301F-11D3-BF4B-00C04F79EFBC}") = "Model_Layer", "Models\Model_Layer.csproj", "{40A00005-571E-47F9-85A5-D0E124444A1C}"
EndProject
Global
	GlobalSection(SolutionConfigurationPlatforms) = preSolution
		Ad-Hoc|Any CPU = Ad-Hoc|Any CPU
		Ad-Hoc|iPhone = Ad-Hoc|iPhone
		Ad-Hoc|iPhoneSimulator = Ad-Hoc|iPhoneSimulator
		AppStore|Any CPU = AppStore|Any CPU
		AppStore|iPhone = AppStore|iPhone
		AppStore|iPhoneSimulator = AppStore|iPhoneSimulator
		Debug|Any CPU = Debug|Any CPU
		Debug|iPhone = Debug|iPhone
		Debug|iPhoneSimulator = Debug|iPhoneSimulator
		Release|Any CPU = Release|Any CPU
		Release|iPhone = Release|iPhone
		Release|iPhoneSimulator = Release|iPhoneSimulator
	EndGlobalSection
	GlobalSection(ProjectConfigurationPlatforms) = postSolution
		{BC904640-FF70-443C-B0CC-4EF300BE2988}.Ad-Hoc|Any CPU.ActiveCfg = Release|Any CPU
		{BC904640-FF70-443C-B0CC-4EF300BE2988}.Ad-Hoc|Any CPU.Build.0 = Release|Any CPU
		{BC904640-FF70-443C-B0CC-4EF300BE2988}.Ad-Hoc|iPhone.ActiveCfg = Release|Any CPU
		{BC904640-FF70-443C-B0CC-4EF300BE2988}.Ad-Hoc|iPhone.Build.0 = Release|Any CPU
		{BC904640-FF70-443C-B0CC-4EF300BE2988}.Ad-Hoc|iPhoneSimulator.ActiveCfg = Release|Any CPU
		{BC904640-FF70-443C-B0CC-4EF300BE2988}.Ad-Hoc|iPhoneSimulator.Build.0 = Release|Any CPU
		{BC904640-FF70-443C-B0CC-4EF300BE2988}.AppStore|Any CPU.ActiveCfg = Release|Any CPU
		{BC904640-FF70-443C-B0CC-4EF300BE2988}.AppStore|Any CPU.Build.0 = Release|Any CPU
		{BC904640-FF70-443C-B0CC-4EF300BE2988}.AppStore|iPhone.ActiveCfg = Release|Any CPU
		{BC904640-FF70-443C-B0CC-4EF300BE2988}.AppStore|iPhone.Build.0 = Release|Any CPU
		{BC904640-FF70-443C-B0CC-4EF300BE2988}.AppStore|iPhoneSimulator.ActiveCfg = Release|Any CPU
		{BC904640-FF70-443C-B0CC-4EF300BE2988}.AppStore|iPhoneSimulator.Build.0 = Release|Any CPU
		{BC904640-FF70-443C-B0CC-4EF300BE2988}.Debug|Any CPU.ActiveCfg = Debug|Any CPU
		{BC904640-FF70-443C-B0CC-4EF300BE2988}.Debug|Any CPU.Build.0 = Debug|Any CPU
		{BC904640-FF70-443C-B0CC-4EF300BE2988}.Debug|iPhone.ActiveCfg = Debug|Any CPU
		{BC904640-FF70-443C-B0CC-4EF300BE2988}.Debug|iPhone.Build.0 = Debug|Any CPU
		{BC904640-FF70-443C-B0CC-4EF300BE2988}.Debug|iPhoneSimulator.ActiveCfg = Debug|Any CPU
		{BC904640-FF70-443C-B0CC-4EF300BE2988}.Debug|iPhoneSimulator.Build.0 = Debug|Any CPU
		{BC904640-FF70-443C-B0CC-4EF300BE2988}.Release|Any CPU.ActiveCfg = Release|Any CPU
		{BC904640-FF70-443C-B0CC-4EF300BE2988}.Release|Any CPU.Build.0 = Release|Any CPU
		{BC904640-FF70-443C-B0CC-4EF300BE2988}.Release|iPhone.ActiveCfg = Release|Any CPU
		{BC904640-FF70-443C-B0CC-4EF300BE2988}.Release|iPhone.Build.0 = Release|Any CPU
		{BC904640-FF70-443C-B0CC-4EF300BE2988}.Release|iPhoneSimulator.ActiveCfg = Release|Any CPU
		{BC904640-FF70-443C-B0CC-4EF300BE2988}.Release|iPhoneSimulator.Build.0 = Release|Any CPU
		{59E3A580-3DB4-48BB-8722-5A792258166C}.Ad-Hoc|Any CPU.ActiveCfg = Release|Any CPU
		{59E3A580-3DB4-48BB-8722-5A792258166C}.Ad-Hoc|Any CPU.Build.0 = Release|Any CPU
		{59E3A580-3DB4-48BB-8722-5A792258166C}.Ad-Hoc|Any CPU.Deploy.0 = Release|Any CPU
		{59E3A580-3DB4-48BB-8722-5A792258166C}.Ad-Hoc|iPhone.ActiveCfg = Release|Any CPU
		{59E3A580-3DB4-48BB-8722-5A792258166C}.Ad-Hoc|iPhone.Build.0 = Release|Any CPU
		{59E3A580-3DB4-48BB-8722-5A792258166C}.Ad-Hoc|iPhone.Deploy.0 = Release|Any CPU
		{59E3A580-3DB4-48BB-8722-5A792258166C}.Ad-Hoc|iPhoneSimulator.ActiveCfg = Release|Any CPU
		{59E3A580-3DB4-48BB-8722-5A792258166C}.Ad-Hoc|iPhoneSimulator.Build.0 = Release|Any CPU
		{59E3A580-3DB4-48BB-8722-5A792258166C}.Ad-Hoc|iPhoneSimulator.Deploy.0 = Release|Any CPU
		{59E3A580-3DB4-48BB-8722-5A792258166C}.AppStore|Any CPU.ActiveCfg = Release|Any CPU
		{59E3A580-3DB4-48BB-8722-5A792258166C}.AppStore|Any CPU.Build.0 = Release|Any CPU
		{59E3A580-3DB4-48BB-8722-5A792258166C}.AppStore|Any CPU.Deploy.0 = Release|Any CPU
		{59E3A580-3DB4-48BB-8722-5A792258166C}.AppStore|iPhone.ActiveCfg = Release|Any CPU
		{59E3A580-3DB4-48BB-8722-5A792258166C}.AppStore|iPhone.Build.0 = Release|Any CPU
		{59E3A580-3DB4-48BB-8722-5A792258166C}.AppStore|iPhone.Deploy.0 = Release|Any CPU
		{59E3A580-3DB4-48BB-8722-5A792258166C}.AppStore|iPhoneSimulator.ActiveCfg = Release|Any CPU
		{59E3A580-3DB4-48BB-8722-5A792258166C}.AppStore|iPhoneSimulator.Build.0 = Release|Any CPU
		{59E3A580-3DB4-48BB-8722-5A792258166C}.AppStore|iPhoneSimulator.Deploy.0 = Release|Any CPU
		{59E3A580-3DB4-48BB-8722-5A792258166C}.Debug|Any CPU.ActiveCfg = Debug|Any CPU
		{59E3A580-3DB4-48BB-8722-5A792258166C}.Debug|Any CPU.Build.0 = Debug|Any CPU
		{59E3A580-3DB4-48BB-8722-5A792258166C}.Debug|Any CPU.Deploy.0 = Debug|Any CPU
		{59E3A580-3DB4-48BB-8722-5A792258166C}.Debug|iPhone.ActiveCfg = Debug|Any CPU
		{59E3A580-3DB4-48BB-8722-5A792258166C}.Debug|iPhone.Build.0 = Debug|Any CPU
		{59E3A580-3DB4-48BB-8722-5A792258166C}.Debug|iPhone.Deploy.0 = Debug|Any CPU
		{59E3A580-3DB4-48BB-8722-5A792258166C}.Debug|iPhoneSimulator.ActiveCfg = Debug|Any CPU
		{59E3A580-3DB4-48BB-8722-5A792258166C}.Debug|iPhoneSimulator.Build.0 = Debug|Any CPU
		{59E3A580-3DB4-48BB-8722-5A792258166C}.Debug|iPhoneSimulator.Deploy.0 = Debug|Any CPU
		{59E3A580-3DB4-48BB-8722-5A792258166C}.Release|Any CPU.ActiveCfg = Release|Any CPU
		{59E3A580-3DB4-48BB-8722-5A792258166C}.Release|Any CPU.Build.0 = Release|Any CPU
		{59E3A580-3DB4-48BB-8722-5A792258166C}.Release|Any CPU.Deploy.0 = Release|Any CPU
		{59E3A580-3DB4-48BB-8722-5A792258166C}.Release|iPhone.ActiveCfg = Release|Any CPU
		{59E3A580-3DB4-48BB-8722-5A792258166C}.Release|iPhone.Build.0 = Release|Any CPU
		{59E3A580-3DB4-48BB-8722-5A792258166C}.Release|iPhone.Deploy.0 = Release|Any CPU
		{59E3A580-3DB4-48BB-8722-5A792258166C}.Release|iPhoneSimulator.ActiveCfg = Release|Any CPU
		{59E3A580-3DB4-48BB-8722-5A792258166C}.Release|iPhoneSimulator.Build.0 = Release|Any CPU
		{59E3A580-3DB4-48BB-8722-5A792258166C}.Release|iPhoneSimulator.Deploy.0 = Release|Any CPU
		{8141A967-C4CB-4EF3-90E8-37CB782F636A}.Ad-Hoc|Any CPU.ActiveCfg = Ad-Hoc|iPhone
		{8141A967-C4CB-4EF3-90E8-37CB782F636A}.Ad-Hoc|iPhone.ActiveCfg = Ad-Hoc|iPhone
		{8141A967-C4CB-4EF3-90E8-37CB782F636A}.Ad-Hoc|iPhone.Build.0 = Ad-Hoc|iPhone
		{8141A967-C4CB-4EF3-90E8-37CB782F636A}.Ad-Hoc|iPhoneSimulator.ActiveCfg = Ad-Hoc|iPhoneSimulator
		{8141A967-C4CB-4EF3-90E8-37CB782F636A}.Ad-Hoc|iPhoneSimulator.Build.0 = Ad-Hoc|iPhoneSimulator
		{8141A967-C4CB-4EF3-90E8-37CB782F636A}.AppStore|Any CPU.ActiveCfg = AppStore|iPhone
		{8141A967-C4CB-4EF3-90E8-37CB782F636A}.AppStore|iPhone.ActiveCfg = AppStore|iPhone
		{8141A967-C4CB-4EF3-90E8-37CB782F636A}.AppStore|iPhone.Build.0 = AppStore|iPhone
		{8141A967-C4CB-4EF3-90E8-37CB782F636A}.AppStore|iPhoneSimulator.ActiveCfg = AppStore|iPhoneSimulator
		{8141A967-C4CB-4EF3-90E8-37CB782F636A}.AppStore|iPhoneSimulator.Build.0 = AppStore|iPhoneSimulator
		{8141A967-C4CB-4EF3-90E8-37CB782F636A}.Debug|Any CPU.ActiveCfg = Debug|iPhone
		{8141A967-C4CB-4EF3-90E8-37CB782F636A}.Debug|iPhone.ActiveCfg = Debug|iPhone
		{8141A967-C4CB-4EF3-90E8-37CB782F636A}.Debug|iPhone.Build.0 = Debug|iPhone
		{8141A967-C4CB-4EF3-90E8-37CB782F636A}.Debug|iPhoneSimulator.ActiveCfg = Debug|iPhoneSimulator
		{8141A967-C4CB-4EF3-90E8-37CB782F636A}.Debug|iPhoneSimulator.Build.0 = Debug|iPhoneSimulator
		{8141A967-C4CB-4EF3-90E8-37CB782F636A}.Release|Any CPU.ActiveCfg = Release|iPhone
		{8141A967-C4CB-4EF3-90E8-37CB782F636A}.Release|iPhone.ActiveCfg = Release|iPhone
		{8141A967-C4CB-4EF3-90E8-37CB782F636A}.Release|iPhone.Build.0 = Release|iPhone
		{8141A967-C4CB-4EF3-90E8-37CB782F636A}.Release|iPhoneSimulator.ActiveCfg = Release|iPhoneSimulator
		{8141A967-C4CB-4EF3-90E8-37CB782F636A}.Release|iPhoneSimulator.Build.0 = Release|iPhoneSimulator
		{424B34E9-ACB6-4A31-8A0C-F64C8D01F9FC}.Ad-Hoc|Any CPU.ActiveCfg = Debug|Any CPU
		{424B34E9-ACB6-4A31-8A0C-F64C8D01F9FC}.Ad-Hoc|Any CPU.Build.0 = Debug|Any CPU
		{424B34E9-ACB6-4A31-8A0C-F64C8D01F9FC}.Ad-Hoc|iPhone.ActiveCfg = Debug|Any CPU
		{424B34E9-ACB6-4A31-8A0C-F64C8D01F9FC}.Ad-Hoc|iPhone.Build.0 = Debug|Any CPU
		{424B34E9-ACB6-4A31-8A0C-F64C8D01F9FC}.Ad-Hoc|iPhoneSimulator.ActiveCfg = Debug|Any CPU
		{424B34E9-ACB6-4A31-8A0C-F64C8D01F9FC}.Ad-Hoc|iPhoneSimulator.Build.0 = Debug|Any CPU
		{424B34E9-ACB6-4A31-8A0C-F64C8D01F9FC}.AppStore|Any CPU.ActiveCfg = Debug|Any CPU
		{424B34E9-ACB6-4A31-8A0C-F64C8D01F9FC}.AppStore|Any CPU.Build.0 = Debug|Any CPU
		{424B34E9-ACB6-4A31-8A0C-F64C8D01F9FC}.AppStore|iPhone.ActiveCfg = Debug|Any CPU
		{424B34E9-ACB6-4A31-8A0C-F64C8D01F9FC}.AppStore|iPhone.Build.0 = Debug|Any CPU
		{424B34E9-ACB6-4A31-8A0C-F64C8D01F9FC}.AppStore|iPhoneSimulator.ActiveCfg = Debug|Any CPU
		{424B34E9-ACB6-4A31-8A0C-F64C8D01F9FC}.AppStore|iPhoneSimulator.Build.0 = Debug|Any CPU
		{424B34E9-ACB6-4A31-8A0C-F64C8D01F9FC}.Debug|Any CPU.ActiveCfg = Debug|Any CPU
		{424B34E9-ACB6-4A31-8A0C-F64C8D01F9FC}.Debug|Any CPU.Build.0 = Debug|Any CPU
		{424B34E9-ACB6-4A31-8A0C-F64C8D01F9FC}.Debug|iPhone.ActiveCfg = Debug|Any CPU
		{424B34E9-ACB6-4A31-8A0C-F64C8D01F9FC}.Debug|iPhone.Build.0 = Debug|Any CPU
		{424B34E9-ACB6-4A31-8A0C-F64C8D01F9FC}.Debug|iPhoneSimulator.ActiveCfg = Debug|Any CPU
		{424B34E9-ACB6-4A31-8A0C-F64C8D01F9FC}.Debug|iPhoneSimulator.Build.0 = Debug|Any CPU
		{424B34E9-ACB6-4A31-8A0C-F64C8D01F9FC}.Release|Any CPU.ActiveCfg = Release|Any CPU
		{424B34E9-ACB6-4A31-8A0C-F64C8D01F9FC}.Release|Any CPU.Build.0 = Release|Any CPU
		{424B34E9-ACB6-4A31-8A0C-F64C8D01F9FC}.Release|iPhone.ActiveCfg = Release|Any CPU
		{424B34E9-ACB6-4A31-8A0C-F64C8D01F9FC}.Release|iPhone.Build.0 = Release|Any CPU
		{424B34E9-ACB6-4A31-8A0C-F64C8D01F9FC}.Release|iPhoneSimulator.ActiveCfg = Release|Any CPU
		{424B34E9-ACB6-4A31-8A0C-F64C8D01F9FC}.Release|iPhoneSimulator.Build.0 = Release|Any CPU
		{CCD6D174-A738-430B-A82D-4AA1E6BA8AA9}.Ad-Hoc|Any CPU.ActiveCfg = Release|Any CPU
		{CCD6D174-A738-430B-A82D-4AA1E6BA8AA9}.Ad-Hoc|Any CPU.Build.0 = Release|Any CPU
		{CCD6D174-A738-430B-A82D-4AA1E6BA8AA9}.Ad-Hoc|iPhone.ActiveCfg = Release|Any CPU
		{CCD6D174-A738-430B-A82D-4AA1E6BA8AA9}.Ad-Hoc|iPhone.Build.0 = Release|Any CPU
		{CCD6D174-A738-430B-A82D-4AA1E6BA8AA9}.Ad-Hoc|iPhoneSimulator.ActiveCfg = Release|Any CPU
		{CCD6D174-A738-430B-A82D-4AA1E6BA8AA9}.Ad-Hoc|iPhoneSimulator.Build.0 = Release|Any CPU
		{CCD6D174-A738-430B-A82D-4AA1E6BA8AA9}.AppStore|Any CPU.ActiveCfg = Release|Any CPU
		{CCD6D174-A738-430B-A82D-4AA1E6BA8AA9}.AppStore|Any CPU.Build.0 = Release|Any CPU
		{CCD6D174-A738-430B-A82D-4AA1E6BA8AA9}.AppStore|iPhone.ActiveCfg = Release|Any CPU
		{CCD6D174-A738-430B-A82D-4AA1E6BA8AA9}.AppStore|iPhone.Build.0 = Release|Any CPU
		{CCD6D174-A738-430B-A82D-4AA1E6BA8AA9}.AppStore|iPhoneSimulator.ActiveCfg = Release|Any CPU
		{CCD6D174-A738-430B-A82D-4AA1E6BA8AA9}.AppStore|iPhoneSimulator.Build.0 = Release|Any CPU
		{CCD6D174-A738-430B-A82D-4AA1E6BA8AA9}.Debug|Any CPU.ActiveCfg = Debug|Any CPU
		{CCD6D174-A738-430B-A82D-4AA1E6BA8AA9}.Debug|Any CPU.Build.0 = Debug|Any CPU
		{CCD6D174-A738-430B-A82D-4AA1E6BA8AA9}.Debug|iPhone.ActiveCfg = Debug|Any CPU
		{CCD6D174-A738-430B-A82D-4AA1E6BA8AA9}.Debug|iPhone.Build.0 = Debug|Any CPU
		{CCD6D174-A738-430B-A82D-4AA1E6BA8AA9}.Debug|iPhoneSimulator.ActiveCfg = Debug|Any CPU
		{CCD6D174-A738-430B-A82D-4AA1E6BA8AA9}.Debug|iPhoneSimulator.Build.0 = Debug|Any CPU
		{CCD6D174-A738-430B-A82D-4AA1E6BA8AA9}.Release|Any CPU.ActiveCfg = Release|Any CPU
		{CCD6D174-A738-430B-A82D-4AA1E6BA8AA9}.Release|Any CPU.Build.0 = Release|Any CPU
		{CCD6D174-A738-430B-A82D-4AA1E6BA8AA9}.Release|iPhone.ActiveCfg = Release|Any CPU
		{CCD6D174-A738-430B-A82D-4AA1E6BA8AA9}.Release|iPhone.Build.0 = Release|Any CPU
		{CCD6D174-A738-430B-A82D-4AA1E6BA8AA9}.Release|iPhoneSimulator.ActiveCfg = Release|Any CPU
		{CCD6D174-A738-430B-A82D-4AA1E6BA8AA9}.Release|iPhoneSimulator.Build.0 = Release|Any CPU
		{40A00005-571E-47F9-85A5-D0E124444A1C}.Ad-Hoc|Any CPU.ActiveCfg = Release|Any CPU
		{40A00005-571E-47F9-85A5-D0E124444A1C}.Ad-Hoc|Any CPU.Build.0 = Release|Any CPU
		{40A00005-571E-47F9-85A5-D0E124444A1C}.Ad-Hoc|iPhone.ActiveCfg = Release|Any CPU
		{40A00005-571E-47F9-85A5-D0E124444A1C}.Ad-Hoc|iPhone.Build.0 = Release|Any CPU
		{40A00005-571E-47F9-85A5-D0E124444A1C}.Ad-Hoc|iPhoneSimulator.ActiveCfg = Release|Any CPU
		{40A00005-571E-47F9-85A5-D0E124444A1C}.Ad-Hoc|iPhoneSimulator.Build.0 = Release|Any CPU
		{40A00005-571E-47F9-85A5-D0E124444A1C}.AppStore|Any CPU.ActiveCfg = Release|Any CPU
		{40A00005-571E-47F9-85A5-D0E124444A1C}.AppStore|Any CPU.Build.0 = Release|Any CPU
		{40A00005-571E-47F9-85A5-D0E124444A1C}.AppStore|iPhone.ActiveCfg = Release|Any CPU
		{40A00005-571E-47F9-85A5-D0E124444A1C}.AppStore|iPhone.Build.0 = Release|Any CPU
		{40A00005-571E-47F9-85A5-D0E124444A1C}.AppStore|iPhoneSimulator.ActiveCfg = Release|Any CPU
		{40A00005-571E-47F9-85A5-D0E124444A1C}.AppStore|iPhoneSimulator.Build.0 = Release|Any CPU
		{40A00005-571E-47F9-85A5-D0E124444A1C}.Debug|Any CPU.ActiveCfg = Debug|Any CPU
		{40A00005-571E-47F9-85A5-D0E124444A1C}.Debug|Any CPU.Build.0 = Debug|Any CPU
		{40A00005-571E-47F9-85A5-D0E124444A1C}.Debug|iPhone.ActiveCfg = Debug|Any CPU
		{40A00005-571E-47F9-85A5-D0E124444A1C}.Debug|iPhone.Build.0 = Debug|Any CPU
		{40A00005-571E-47F9-85A5-D0E124444A1C}.Debug|iPhoneSimulator.ActiveCfg = Debug|Any CPU
		{40A00005-571E-47F9-85A5-D0E124444A1C}.Debug|iPhoneSimulator.Build.0 = Debug|Any CPU
		{40A00005-571E-47F9-85A5-D0E124444A1C}.Release|Any CPU.ActiveCfg = Release|Any CPU
		{40A00005-571E-47F9-85A5-D0E124444A1C}.Release|Any CPU.Build.0 = Release|Any CPU
		{40A00005-571E-47F9-85A5-D0E124444A1C}.Release|iPhone.ActiveCfg = Release|Any CPU
		{40A00005-571E-47F9-85A5-D0E124444A1C}.Release|iPhone.Build.0 = Release|Any CPU
		{40A00005-571E-47F9-85A5-D0E124444A1C}.Release|iPhoneSimulator.ActiveCfg = Release|Any CPU
		{40A00005-571E-47F9-85A5-D0E124444A1C}.Release|iPhoneSimulator.Build.0 = Release|Any CPU
	EndGlobalSection
	GlobalSection(SolutionProperties) = preSolution
		HideSolutionNode = FALSE
	EndGlobalSection
	GlobalSection(ExtensibilityGlobals) = postSolution
		SolutionGuid = {6F185507-EA52-4F37-ADBD-7E721195BD55}
	EndGlobalSection
EndGlobal
